
Microsoft Visual Studio Solution File, Format Version 12.00
# Visual Studio 15
Project("{FAE04EC0-301F-11D3-BF4B-00C04F79EFBC}") = "LeanTransition", "LeanTransition.csproj", "{758C103C-567C-A62C-DED4-500009CA1617}"
EndProject
Project("{FAE04EC0-301F-11D3-BF4B-00C04F79EFBC}") = "LeanGUI", "LeanGUI.csproj", "{10F465B4-60BC-E3FD-E2F7-31F41A12AB1C}"
EndProject
Project("{FAE04EC0-301F-11D3-BF4B-00C04F79EFBC}") = "Assembly-CSharp", "Assembly-CSharp.csproj", "{1EDA4AD3-F73B-C2DD-EFD7-42E009ADB569}"
EndProject
Project("{FAE04EC0-301F-11D3-BF4B-00C04F79EFBC}") = "LeanCommon", "LeanCommon.csproj", "{88B86372-EA25-04A7-8FBB-9B978330650A}"
EndProject
Global
	GlobalSection(SolutionConfigurationPlatforms) = preSolution
		Debug|Any CPU = Debug|Any CPU
		Release|Any CPU = Release|Any CPU
	EndGlobalSection
	GlobalSection(ProjectConfigurationPlatforms) = postSolution
		{758C103C-567C-A62C-DED4-500009CA1617}.Debug|Any CPU.ActiveCfg = Debug|Any CPU
		{758C103C-567C-A62C-DED4-500009CA1617}.Debug|Any CPU.Build.0 = Debug|Any CPU
		{758C103C-567C-A62C-DED4-500009CA1617}.Release|Any CPU.ActiveCfg = Release|Any CPU
		{758C103C-567C-A62C-DED4-500009CA1617}.Release|Any CPU.Build.0 = Release|Any CPU
		{10F465B4-60BC-E3FD-E2F7-31F41A12AB1C}.Debug|Any CPU.ActiveCfg = Debug|Any CPU
		{10F465B4-60BC-E3FD-E2F7-31F41A12AB1C}.Debug|Any CPU.Build.0 = Debug|Any CPU
		{10F465B4-60BC-E3FD-E2F7-31F41A12AB1C}.Release|Any CPU.ActiveCfg = Release|Any CPU
		{10F465B4-60BC-E3FD-E2F7-31F41A12AB1C}.Release|Any CPU.Build.0 = Release|Any CPU
		{1EDA4AD3-F73B-C2DD-EFD7-42E009ADB569}.Debug|Any CPU.ActiveCfg = Debug|Any CPU
		{1EDA4AD3-F73B-C2DD-EFD7-42E009ADB569}.Debug|Any CPU.Build.0 = Debug|Any CPU
		{1EDA4AD3-F73B-C2DD-EFD7-42E009ADB569}.Release|Any CPU.ActiveCfg = Release|Any CPU
		{1EDA4AD3-F73B-C2DD-EFD7-42E009ADB569}.Release|Any CPU.Build.0 = Release|Any CPU
		{88B86372-EA25-04A7-8FBB-9B978330650A}.Debug|Any CPU.ActiveCfg = Debug|Any CPU
		{88B86372-EA25-04A7-8FBB-9B978330650A}.Debug|Any CPU.Build.0 = Debug|Any CPU
		{88B86372-EA25-04A7-8FBB-9B978330650A}.Release|Any CPU.ActiveCfg = Release|Any CPU
		{88B86372-EA25-04A7-8FBB-9B978330650A}.Release|Any CPU.Build.0 = Release|Any CPU
	EndGlobalSection
	GlobalSection(SolutionProperties) = preSolution
		HideSolutionNode = FALSE
	EndGlobalSection
EndGlobal
